
Microsoft Visual Studio Solution File, Format Version 12.00
# Visual Studio Version 17
VisualStudioVersion = 17.0.31903.59
MinimumVisualStudioVersion = 10.0.40219.1
Project("{2150E333-8FDC-42A3-9474-1A3956D46DE8}") = "src", "src", "{827E0CD3-B72D-47B6-A68D-7590B98EB39B}"
EndProject
Project("{FAE04EC0-301F-11D3-BF4B-00C04F79EFBC}") = "Readifly.API", "src\Readifly.API\Readifly.API.csproj", "{ACF9A2D9-48FE-4BDA-9BE2-86DD741300DE}"
EndProject
Project("{FAE04EC0-301F-11D3-BF4B-00C04F79EFBC}") = "Readifly.Domain", "src\Readifly.Domain\Readifly.Domain.csproj", "{DE7D3237-AF55-4ED9-BF12-EC97CA81E5EB}"
EndProject
Project("{FAE04EC0-301F-11D3-BF4B-00C04F79EFBC}") = "Readifly.Application", "src\Readifly.Application\Readifly.Application.csproj", "{31D989DD-6FDD-4D98-9903-266F0A811E3A}"
EndProject
Project("{FAE04EC0-301F-11D3-BF4B-00C04F79EFBC}") = "Readifly.Infrastructure", "src\Readifly.Infrastructure\Readifly.Infrastructure.csproj", "{08866EFB-4398-47F0-81E9-EC9CF0351785}"
EndProject

Project("{2150E333-8FDC-42A3-9474-1A3956D46DE8}") = "tests", "tests", "{0AB3BF05-4346-4AA6-1389-037BE0695223}"
EndProject
Project("{FAE04EC0-301F-11D3-BF4B-00C04F79EFBC}") = "Readifly.UnitTests", "tests\Readifly.UnitTests\Readifly.UnitTests.csproj", "{0810C337-ED82-46D3-B43C-C854186F68FB}"
EndProject
Project("{FAE04EC0-301F-11D3-BF4B-00C04F79EFBC}") = "Readifly.IntegrationTests", "tests\Readifly.IntegrationTests\Readifly.IntegrationTests.csproj", "{8844A7C8-B2DC-4B2E-BBC5-0371EB962869}"
EndProject
Global
	GlobalSection(SolutionConfigurationPlatforms) = preSolution
		Debug|Any CPU = Debug|Any CPU
		Debug|x64 = Debug|x64
		Debug|x86 = Debug|x86
		Release|Any CPU = Release|Any CPU
		Release|x64 = Release|x64
		Release|x86 = Release|x86
	EndGlobalSection
	GlobalSection(ProjectConfigurationPlatforms) = postSolution
		{ACF9A2D9-48FE-4BDA-9BE2-86DD741300DE}.Debug|Any CPU.ActiveCfg = Debug|Any CPU
		{ACF9A2D9-48FE-4BDA-9BE2-86DD741300DE}.Debug|Any CPU.Build.0 = Debug|Any CPU
		{ACF9A2D9-48FE-4BDA-9BE2-86DD741300DE}.Debug|x64.ActiveCfg = Debug|Any CPU
		{ACF9A2D9-48FE-4BDA-9BE2-86DD741300DE}.Debug|x64.Build.0 = Debug|Any CPU
		{ACF9A2D9-48FE-4BDA-9BE2-86DD741300DE}.Debug|x86.ActiveCfg = Debug|Any CPU
		{ACF9A2D9-48FE-4BDA-9BE2-86DD741300DE}.Debug|x86.Build.0 = Debug|Any CPU
		{ACF9A2D9-48FE-4BDA-9BE2-86DD741300DE}.Release|Any CPU.ActiveCfg = Release|Any CPU
		{ACF9A2D9-48FE-4BDA-9BE2-86DD741300DE}.Release|Any CPU.Build.0 = Release|Any CPU
		{ACF9A2D9-48FE-4BDA-9BE2-86DD741300DE}.Release|x64.ActiveCfg = Release|Any CPU
		{ACF9A2D9-48FE-4BDA-9BE2-86DD741300DE}.Release|x64.Build.0 = Release|Any CPU
		{ACF9A2D9-48FE-4BDA-9BE2-86DD741300DE}.Release|x86.ActiveCfg = Release|Any CPU
		{ACF9A2D9-48FE-4BDA-9BE2-86DD741300DE}.Release|x86.Build.0 = Release|Any CPU
		{DE7D3237-AF55-4ED9-BF12-EC97CA81E5EB}.Debug|Any CPU.ActiveCfg = Debug|Any CPU
		{DE7D3237-AF55-4ED9-BF12-EC97CA81E5EB}.Debug|Any CPU.Build.0 = Debug|Any CPU
		{DE7D3237-AF55-4ED9-BF12-EC97CA81E5EB}.Debug|x64.ActiveCfg = Debug|Any CPU
		{DE7D3237-AF55-4ED9-BF12-EC97CA81E5EB}.Debug|x64.Build.0 = Debug|Any CPU
		{DE7D3237-AF55-4ED9-BF12-EC97CA81E5EB}.Debug|x86.ActiveCfg = Debug|Any CPU
		{DE7D3237-AF55-4ED9-BF12-EC97CA81E5EB}.Debug|x86.Build.0 = Debug|Any CPU
		{DE7D3237-AF55-4ED9-BF12-EC97CA81E5EB}.Release|Any CPU.ActiveCfg = Release|Any CPU
		{DE7D3237-AF55-4ED9-BF12-EC97CA81E5EB}.Release|Any CPU.Build.0 = Release|Any CPU
		{DE7D3237-AF55-4ED9-BF12-EC97CA81E5EB}.Release|x64.ActiveCfg = Release|Any CPU
		{DE7D3237-AF55-4ED9-BF12-EC97CA81E5EB}.Release|x64.Build.0 = Release|Any CPU
		{DE7D3237-AF55-4ED9-BF12-EC97CA81E5EB}.Release|x86.ActiveCfg = Release|Any CPU
		{DE7D3237-AF55-4ED9-BF12-EC97CA81E5EB}.Release|x86.Build.0 = Release|Any CPU
		{31D989DD-6FDD-4D98-9903-266F0A811E3A}.Debug|Any CPU.ActiveCfg = Debug|Any CPU
		{31D989DD-6FDD-4D98-9903-266F0A811E3A}.Debug|Any CPU.Build.0 = Debug|Any CPU
		{31D989DD-6FDD-4D98-9903-266F0A811E3A}.Debug|x64.ActiveCfg = Debug|Any CPU
		{31D989DD-6FDD-4D98-9903-266F0A811E3A}.Debug|x64.Build.0 = Debug|Any CPU
		{31D989DD-6FDD-4D98-9903-266F0A811E3A}.Debug|x86.ActiveCfg = Debug|Any CPU
		{31D989DD-6FDD-4D98-9903-266F0A811E3A}.Debug|x86.Build.0 = Debug|Any CPU
		{31D989DD-6FDD-4D98-9903-266F0A811E3A}.Release|Any CPU.ActiveCfg = Release|Any CPU
		{31D989DD-6FDD-4D98-9903-266F0A811E3A}.Release|Any CPU.Build.0 = Release|Any CPU
		{31D989DD-6FDD-4D98-9903-266F0A811E3A}.Release|x64.ActiveCfg = Release|Any CPU
		{31D989DD-6FDD-4D98-9903-266F0A811E3A}.Release|x64.Build.0 = Release|Any CPU
		{31D989DD-6FDD-4D98-9903-266F0A811E3A}.Release|x86.ActiveCfg = Release|Any CPU
		{31D989DD-6FDD-4D98-9903-266F0A811E3A}.Release|x86.Build.0 = Release|Any CPU
		{08866EFB-4398-47F0-81E9-EC9CF0351785}.Debug|Any CPU.ActiveCfg = Debug|Any CPU
		{08866EFB-4398-47F0-81E9-EC9CF0351785}.Debug|Any CPU.Build.0 = Debug|Any CPU
		{08866EFB-4398-47F0-81E9-EC9CF0351785}.Debug|x64.ActiveCfg = Debug|Any CPU
		{08866EFB-4398-47F0-81E9-EC9CF0351785}.Debug|x64.Build.0 = Debug|Any CPU
		{08866EFB-4398-47F0-81E9-EC9CF0351785}.Debug|x86.ActiveCfg = Debug|Any CPU
		{08866EFB-4398-47F0-81E9-EC9CF0351785}.Debug|x86.Build.0 = Debug|Any CPU
		{08866EFB-4398-47F0-81E9-EC9CF0351785}.Release|Any CPU.ActiveCfg = Release|Any CPU
		{08866EFB-4398-47F0-81E9-EC9CF0351785}.Release|Any CPU.Build.0 = Release|Any CPU
		{08866EFB-4398-47F0-81E9-EC9CF0351785}.Release|x64.ActiveCfg = Release|Any CPU
		{08866EFB-4398-47F0-81E9-EC9CF0351785}.Release|x64.Build.0 = Release|Any CPU
		{08866EFB-4398-47F0-81E9-EC9CF0351785}.Release|x86.ActiveCfg = Release|Any CPU
		{08866EFB-4398-47F0-81E9-EC9CF0351785}.Release|x86.Build.0 = Release|Any CPU

		{0810C337-ED82-46D3-B43C-C854186F68FB}.Debug|Any CPU.ActiveCfg = Debug|Any CPU
		{0810C337-ED82-46D3-B43C-C854186F68FB}.Debug|Any CPU.Build.0 = Debug|Any CPU
		{0810C337-ED82-46D3-B43C-C854186F68FB}.Debug|x64.ActiveCfg = Debug|Any CPU
		{0810C337-ED82-46D3-B43C-C854186F68FB}.Debug|x64.Build.0 = Debug|Any CPU
		{0810C337-ED82-46D3-B43C-C854186F68FB}.Debug|x86.ActiveCfg = Debug|Any CPU
		{0810C337-ED82-46D3-B43C-C854186F68FB}.Debug|x86.Build.0 = Debug|Any CPU
		{0810C337-ED82-46D3-B43C-C854186F68FB}.Release|Any CPU.ActiveCfg = Release|Any CPU
		{0810C337-ED82-46D3-B43C-C854186F68FB}.Release|Any CPU.Build.0 = Release|Any CPU
		{0810C337-ED82-46D3-B43C-C854186F68FB}.Release|x64.ActiveCfg = Release|Any CPU
		{0810C337-ED82-46D3-B43C-C854186F68FB}.Release|x64.Build.0 = Release|Any CPU
		{0810C337-ED82-46D3-B43C-C854186F68FB}.Release|x86.ActiveCfg = Release|Any CPU
		{0810C337-ED82-46D3-B43C-C854186F68FB}.Release|x86.Build.0 = Release|Any CPU
		{8844A7C8-B2DC-4B2E-BBC5-0371EB962869}.Debug|Any CPU.ActiveCfg = Debug|Any CPU
		{8844A7C8-B2DC-4B2E-BBC5-0371EB962869}.Debug|Any CPU.Build.0 = Debug|Any CPU
		{8844A7C8-B2DC-4B2E-BBC5-0371EB962869}.Debug|x64.ActiveCfg = Debug|Any CPU
		{8844A7C8-B2DC-4B2E-BBC5-0371EB962869}.Debug|x64.Build.0 = Debug|Any CPU
		{8844A7C8-B2DC-4B2E-BBC5-0371EB962869}.Debug|x86.ActiveCfg = Debug|Any CPU
		{8844A7C8-B2DC-4B2E-BBC5-0371EB962869}.Debug|x86.Build.0 = Debug|Any CPU
		{8844A7C8-B2DC-4B2E-BBC5-0371EB962869}.Release|Any CPU.ActiveCfg = Release|Any CPU
		{8844A7C8-B2DC-4B2E-BBC5-0371EB962869}.Release|Any CPU.Build.0 = Release|Any CPU
		{8844A7C8-B2DC-4B2E-BBC5-0371EB962869}.Release|x64.ActiveCfg = Release|Any CPU
		{8844A7C8-B2DC-4B2E-BBC5-0371EB962869}.Release|x64.Build.0 = Release|Any CPU
		{8844A7C8-B2DC-4B2E-BBC5-0371EB962869}.Release|x86.ActiveCfg = Release|Any CPU
		{8844A7C8-B2DC-4B2E-BBC5-0371EB962869}.Release|x86.Build.0 = Release|Any CPU
	EndGlobalSection
	GlobalSection(SolutionProperties) = preSolution
		HideSolutionNode = FALSE
	EndGlobalSection
	GlobalSection(NestedProjects) = preSolution
		{ACF9A2D9-48FE-4BDA-9BE2-86DD741300DE} = {827E0CD3-B72D-47B6-A68D-7590B98EB39B}
		{DE7D3237-AF55-4ED9-BF12-EC97CA81E5EB} = {827E0CD3-B72D-47B6-A68D-7590B98EB39B}
		{31D989DD-6FDD-4D98-9903-266F0A811E3A} = {827E0CD3-B72D-47B6-A68D-7590B98EB39B}
		{08866EFB-4398-47F0-81E9-EC9CF0351785} = {827E0CD3-B72D-47B6-A68D-7590B98EB39B}

		{0810C337-ED82-46D3-B43C-C854186F68FB} = {0AB3BF05-4346-4AA6-1389-037BE0695223}
		{8844A7C8-B2DC-4B2E-BBC5-0371EB962869} = {0AB3BF05-4346-4AA6-1389-037BE0695223}
	EndGlobalSection
EndGlobal
